
Microsoft Visual Studio Solution File, Format Version 12.00
# Visual Studio Version 17
VisualStudioVersion = 17.7.34018.315
MinimumVisualStudioVersion = 10.0.40219.1
Project("{FAE04EC0-301F-11D3-BF4B-00C04F79EFBC}") = "API_Server", "API_Server\API_Server.csproj", "{121F9BF2-D6AF-417B-88DA-A42C8932D232}"
EndProject
Global
	GlobalSection(SolutionConfigurationPlatforms) = preSolution
		Debug|Any CPU = Debug|Any CPU
		Release|Any CPU = Release|Any CPU
	EndGlobalSection
	GlobalSection(ProjectConfigurationPlatforms) = postSolution
		{121F9BF2-D6AF-417B-88DA-A42C8932D232}.Debug|Any CPU.ActiveCfg = Debug|Any CPU
		{121F9BF2-D6AF-417B-88DA-A42C8932D232}.Debug|Any CPU.Build.0 = Debug|Any CPU
		{121F9BF2-D6AF-417B-88DA-A42C8932D232}.Release|Any CPU.ActiveCfg = Release|Any CPU
		{121F9BF2-D6AF-417B-88DA-A42C8932D232}.Release|Any CPU.Build.0 = Release|Any CPU
	EndGlobalSection
	GlobalSection(SolutionProperties) = preSolution
		HideSolutionNode = FALSE
	EndGlobalSection
	GlobalSection(ExtensibilityGlobals) = postSolution
		SolutionGuid = {9DF6A7D7-49E7-4309-A269-649BCD461C3F}
	EndGlobalSection
EndGlobal
